
Microsoft Visual Studio Solution File, Format Version 12.00
# Visual Studio Version 17
VisualStudioVersion = 17.3.32922.545
MinimumVisualStudioVersion = 10.0.40219.1
Project("{9A19103F-16F7-4668-BE54-9A1E7A4F7556}") = "SpotBdeB", "SpotBdeB\SpotBdeB.csproj", "{DEA2CC4A-F40D-4D8E-A6CF-48AE30FE21FC}"
EndProject
Project("{9A19103F-16F7-4668-BE54-9A1E7A4F7556}") = "Model", "Model\Model.csproj", "{6767154B-D801-47C4-AF85-1C255BC83748}"
EndProject
Project("{9A19103F-16F7-4668-BE54-9A1E7A4F7556}") = "ViewModel", "ViewModel\ViewModel.csproj", "{33332DBA-E469-40B3-ABED-D80FBA7F5141}"
EndProject
Global
	GlobalSection(SolutionConfigurationPlatforms) = preSolution
		Debug|Any CPU = Debug|Any CPU
		Release|Any CPU = Release|Any CPU
	EndGlobalSection
	GlobalSection(ProjectConfigurationPlatforms) = postSolution
		{DEA2CC4A-F40D-4D8E-A6CF-48AE30FE21FC}.Debug|Any CPU.ActiveCfg = Debug|Any CPU
		{DEA2CC4A-F40D-4D8E-A6CF-48AE30FE21FC}.Debug|Any CPU.Build.0 = Debug|Any CPU
		{DEA2CC4A-F40D-4D8E-A6CF-48AE30FE21FC}.Release|Any CPU.ActiveCfg = Release|Any CPU
		{DEA2CC4A-F40D-4D8E-A6CF-48AE30FE21FC}.Release|Any CPU.Build.0 = Release|Any CPU
		{6767154B-D801-47C4-AF85-1C255BC83748}.Debug|Any CPU.ActiveCfg = Debug|Any CPU
		{6767154B-D801-47C4-AF85-1C255BC83748}.Debug|Any CPU.Build.0 = Debug|Any CPU
		{6767154B-D801-47C4-AF85-1C255BC83748}.Release|Any CPU.ActiveCfg = Release|Any CPU
		{6767154B-D801-47C4-AF85-1C255BC83748}.Release|Any CPU.Build.0 = Release|Any CPU
		{33332DBA-E469-40B3-ABED-D80FBA7F5141}.Debug|Any CPU.ActiveCfg = Debug|Any CPU
		{33332DBA-E469-40B3-ABED-D80FBA7F5141}.Debug|Any CPU.Build.0 = Debug|Any CPU
		{33332DBA-E469-40B3-ABED-D80FBA7F5141}.Release|Any CPU.ActiveCfg = Release|Any CPU
		{33332DBA-E469-40B3-ABED-D80FBA7F5141}.Release|Any CPU.Build.0 = Release|Any CPU
	EndGlobalSection
	GlobalSection(SolutionProperties) = preSolution
		HideSolutionNode = FALSE
	EndGlobalSection
	GlobalSection(ExtensibilityGlobals) = postSolution
		SolutionGuid = {E127A926-2FCD-43B0-99A6-9C9997987C82}
	EndGlobalSection
EndGlobal
